<?xml version="1.0" encoding="utf-8"?>
<Project ToolsVersion="4.0" xmlns="http://schemas.microsoft.com/developer/msbuild/2003">
  <ItemGroup>
    <Filter Include="Engine">
      <UniqueIdentifier>{42afa9c0-78bf-4060-966d-80eaa73c2f80}</UniqueIdentifier>
    </Filter>
    <Filter Include="Default">
      <UniqueIdentifier>{5f597ebf-1939-4399-912f-56583a624572}</UniqueIdentifier>
    </Filter>
    <Filter Include="Default\리소스 파일">
      <UniqueIdentifier>{67DA6AB6-F800-4c08-8B7A-83BB121AAD01}</UniqueIdentifier>
      <Extensions>rc;ico;cur;bmp;dlg;rc2;rct;bin;rgs;gif;jpg;jpeg;jpe;resx;tiff;tif;png;wav;mfcribbon-ms</Extensions>
    </Filter>
    <Filter Include="Default\소스 파일">
      <UniqueIdentifier>{4FC737F1-C7A5-4376-A066-2A32D752A2FF}</UniqueIdentifier>
      <Extensions>cpp;c;cc;cxx;c++;cppm;ixx;def;odl;idl;hpj;bat;asm;asmx</Extensions>
    </Filter>
    <Filter Include="Default\헤더 파일">
      <UniqueIdentifier>{93995380-89BD-4b04-88EB-625FBE52EBFB}</UniqueIdentifier>
      <Extensions>h;hh;hpp;hxx;h++;hm;inl;inc;ipp;xsd</Extensions>
    </Filter>
    <Filter Include="Engine\02. Core">
      <UniqueIdentifier>{fe9373a3-0439-4441-9833-89819d5c2f50}</UniqueIdentifier>
    </Filter>
    <Filter Include="Engine\01. Header">
      <UniqueIdentifier>{3bcb34a5-e114-480e-ab9c-188ccc733341}</UniqueIdentifier>
    </Filter>
    <Filter Include="Engine\03. Manager">
      <UniqueIdentifier>{97e9e111-4a66-4fc1-af32-30fbf800c741}</UniqueIdentifier>
    </Filter>
    <Filter Include="Engine\04. Object">
      <UniqueIdentifier>{5b69133b-5af3-4912-a592-beef1aaddf7c}</UniqueIdentifier>
    </Filter>
    <Filter Include="Engine\05. Scene">
      <UniqueIdentifier>{342abce8-b98d-45f9-b779-681e6ab251ea}</UniqueIdentifier>
    </Filter>
    <Filter Include="Engine\03. Manager\SceneMgr">
      <UniqueIdentifier>{b396d4f9-ee8b-40fe-a8af-89436f8402fc}</UniqueIdentifier>
    </Filter>
    <Filter Include="Engine\03. Manager\KeyMgr">
      <UniqueIdentifier>{fa4830de-2183-4b70-911a-cb49523447cf}</UniqueIdentifier>
    </Filter>
    <Filter Include="Engine\03. Manager\TimeMgr">
      <UniqueIdentifier>{ea550136-ba99-4406-bafd-8f1f4a2a6563}</UniqueIdentifier>
    </Filter>
    <Filter Include="Engine\05. Scene\Scene_Start">
      <UniqueIdentifier>{0e13eb7b-ee3b-436c-9ff9-eb10776332ef}</UniqueIdentifier>
    </Filter>
    <Filter Include="Engine\05. Scene\SCene_Tool">
      <UniqueIdentifier>{5409b57a-2154-4dec-8b0e-56136714fec2}</UniqueIdentifier>
    </Filter>
    <Filter Include="Engine\04. Object\Player">
      <UniqueIdentifier>{90a5bf1d-a734-45cd-a99d-13de9fa75a02}</UniqueIdentifier>
    </Filter>
    <Filter Include="Engine\04. Object\Monster">
      <UniqueIdentifier>{f2284308-b91c-4e65-8141-dc8dfeb89082}</UniqueIdentifier>
    </Filter>
    <Filter Include="Engine\04. Object\Missile">
      <UniqueIdentifier>{49d1dcd7-edb7-44c4-b8d2-8bbaa1b21b3e}</UniqueIdentifier>
    </Filter>
    <Filter Include="Engine\03. Manager\PathMgr">
      <UniqueIdentifier>{fadc125e-bfd8-4e1c-a65f-e011f2c3fc8e}</UniqueIdentifier>
    </Filter>
    <Filter Include="Engine\03. Manager\ResMgr">
      <UniqueIdentifier>{ebb79c37-97f6-4929-9ed4-7f9f7c4e5d65}</UniqueIdentifier>
    </Filter>
    <Filter Include="Engine\08. Module">
      <UniqueIdentifier>{78b4503e-dd7c-4243-8a05-0cc9f99f42c3}</UniqueIdentifier>
    </Filter>
    <Filter Include="Engine\03. Manager\CollisionMgr">
      <UniqueIdentifier>{ddd08150-a092-4042-ad83-297a9f56bff7}</UniqueIdentifier>
    </Filter>
    <Filter Include="Engine\07. Component">
      <UniqueIdentifier>{72c2c6f1-0af1-4440-b2ca-8bb084e98ce3}</UniqueIdentifier>
    </Filter>
    <Filter Include="Engine\03. Manager\EventMgr">
      <UniqueIdentifier>{6fe5bfa9-7cc9-4a4d-af23-5f0fea60989c}</UniqueIdentifier>
    </Filter>
    <Filter Include="Engine\06. Resource">
      <UniqueIdentifier>{8002fb45-8728-46ca-9aa7-89bf5c30947e}</UniqueIdentifier>
    </Filter>
    <Filter Include="Engine\06. Resource\Texture">
      <UniqueIdentifier>{efc5795e-16da-4c1d-a34a-989c40242188}</UniqueIdentifier>
    </Filter>
    <Filter Include="Engine\06. Resource\Sound">
      <UniqueIdentifier>{9a072e74-95ef-43f5-9691-82f72c9bf9eb}</UniqueIdentifier>
    </Filter>
    <Filter Include="Engine\07. Component\Animator">
      <UniqueIdentifier>{d4c68800-1045-4afa-9ee6-1c5d384c9496}</UniqueIdentifier>
    </Filter>
    <Filter Include="Engine\07. Component\Animator\Animation">
      <UniqueIdentifier>{d2ea945b-f339-4438-bf13-b48ff161eef0}</UniqueIdentifier>
    </Filter>
    <Filter Include="Engine\07. Component\Collider">
      <UniqueIdentifier>{0d51296a-14bb-4e80-95c6-aa65d0c41c44}</UniqueIdentifier>
    </Filter>
  </ItemGroup>
  <ItemGroup>
    <ClInclude Include="framework.h">
      <Filter>Default\헤더 파일</Filter>
    </ClInclude>
    <ClInclude Include="targetver.h">
      <Filter>Default\헤더 파일</Filter>
    </ClInclude>
    <ClInclude Include="Resource.h">
      <Filter>Default\헤더 파일</Filter>
    </ClInclude>
    <ClInclude Include="Client.h">
      <Filter>Default\헤더 파일</Filter>
    </ClInclude>
    <ClInclude Include="CCore.h">
      <Filter>Engine\02. Core</Filter>
    </ClInclude>
    <ClInclude Include="define.h">
      <Filter>Engine\01. Header</Filter>
    </ClInclude>
    <ClInclude Include="CKeyMgr.h">
      <Filter>Engine\03. Manager\KeyMgr</Filter>
    </ClInclude>
    <ClInclude Include="pch.h" />
    <ClInclude Include="CObject.h">
      <Filter>Engine\04. Object</Filter>
    </ClInclude>
    <ClInclude Include="struct.h">
      <Filter>Engine\01. Header</Filter>
    </ClInclude>
    <ClInclude Include="CTimeMgr.h">
      <Filter>Engine\03. Manager\TimeMgr</Filter>
    </ClInclude>
    <ClInclude Include="CScene.h">
      <Filter>Engine\05. Scene</Filter>
    </ClInclude>
    <ClInclude Include="CSceneMgr.h">
      <Filter>Engine\03. Manager\SceneMgr</Filter>
    </ClInclude>
    <ClInclude Include="CScene_Start.h">
      <Filter>Engine\05. Scene\Scene_Start</Filter>
    </ClInclude>
    <ClInclude Include="CPlayer.h">
      <Filter>Engine\04. Object\Player</Filter>
    </ClInclude>
    <ClInclude Include="CMonster.h">
      <Filter>Engine\04. Object\Monster</Filter>
    </ClInclude>
    <ClInclude Include="CMissile.h">
      <Filter>Engine\04. Object\Missile</Filter>
    </ClInclude>
    <ClInclude Include="CRes.h">
      <Filter>Engine\06. Resource</Filter>
    </ClInclude>
    <ClInclude Include="CTexture.h">
      <Filter>Engine\06. Resource\Texture</Filter>
    </ClInclude>
    <ClInclude Include="CSound.h">
      <Filter>Engine\06. Resource\Sound</Filter>
    </ClInclude>
    <ClInclude Include="CPathMgr.h">
      <Filter>Engine\03. Manager\PathMgr</Filter>
    </ClInclude>
    <ClInclude Include="CResMgr.h">
      <Filter>Engine\03. Manager\ResMgr</Filter>
    </ClInclude>
    <ClInclude Include="SelectGDI.h">
      <Filter>Engine\08. Module</Filter>
    </ClInclude>
    <ClInclude Include="CCollisionMgr.h">
      <Filter>Engine\03. Manager\CollisionMgr</Filter>
    </ClInclude>
    <ClInclude Include="CEventMgr.h">
      <Filter>Engine\03. Manager\EventMgr</Filter>
    </ClInclude>
    <ClInclude Include="func.h">
      <Filter>Engine\01. Header</Filter>
    </ClInclude>
    <ClInclude Include="CScene_Tool.h">
      <Filter>Engine\05. Scene\SCene_Tool</Filter>
    </ClInclude>
    <ClInclude Include="CCollider.h">
      <Filter>Engine\07. Component\Collider</Filter>
    </ClInclude>
    <ClInclude Include="CAnimator.h">
      <Filter>Engine\07. Component\Animator</Filter>
    </ClInclude>
    <ClInclude Include="CAnimation.h">
      <Filter>Engine\07. Component\Animator\Animation</Filter>
    </ClInclude>
  </ItemGroup>
  <ItemGroup>
    <ClCompile Include="CCore.cpp">
      <Filter>Engine\02. Core</Filter>
    </ClCompile>
    <ClCompile Include="CKeyMgr.cpp">
      <Filter>Engine\03. Manager\KeyMgr</Filter>
    </ClCompile>
    <ClCompile Include="main.cpp" />
    <ClCompile Include="CObject.cpp">
      <Filter>Engine\04. Object</Filter>
    </ClCompile>
    <ClCompile Include="CTimeMgr.cpp">
      <Filter>Engine\03. Manager\TimeMgr</Filter>
    </ClCompile>
    <ClCompile Include="CScene.cpp">
      <Filter>Engine\05. Scene</Filter>
    </ClCompile>
    <ClCompile Include="CSceneMgr.cpp">
      <Filter>Engine\03. Manager\SceneMgr</Filter>
    </ClCompile>
    <ClCompile Include="CScene_Start.cpp">
      <Filter>Engine\05. Scene\Scene_Start</Filter>
    </ClCompile>
    <ClCompile Include="CPlayer.cpp">
      <Filter>Engine\04. Object\Player</Filter>
    </ClCompile>
    <ClCompile Include="CMonster.cpp">
      <Filter>Engine\04. Object\Monster</Filter>
    </ClCompile>
    <ClCompile Include="CMissile.cpp">
      <Filter>Engine\04. Object\Missile</Filter>
    </ClCompile>
    <ClCompile Include="CRes.cpp">
      <Filter>Engine\06. Resource</Filter>
    </ClCompile>
    <ClCompile Include="CTexture.cpp">
      <Filter>Engine\06. Resource\Texture</Filter>
    </ClCompile>
    <ClCompile Include="CSound.cpp">
      <Filter>Engine\06. Resource\Sound</Filter>
    </ClCompile>
    <ClCompile Include="CPathMgr.cpp">
      <Filter>Engine\03. Manager\PathMgr</Filter>
    </ClCompile>
    <ClCompile Include="CResMgr.cpp">
      <Filter>Engine\03. Manager\ResMgr</Filter>
    </ClCompile>
    <ClCompile Include="SelectGDI.cpp">
      <Filter>Engine\08. Module</Filter>
    </ClCompile>
    <ClCompile Include="CCollisionMgr.cpp">
      <Filter>Engine\03. Manager\CollisionMgr</Filter>
    </ClCompile>
    <ClCompile Include="CEventMgr.cpp">
      <Filter>Engine\03. Manager\EventMgr</Filter>
    </ClCompile>
    <ClCompile Include="func.cpp" />
    <ClCompile Include="CScene_Tool.cpp">
      <Filter>Engine\05. Scene\SCene_Tool</Filter>
    </ClCompile>
    <ClCompile Include="CCollider.cpp">
      <Filter>Engine\07. Component\Collider</Filter>
    </ClCompile>
    <ClCompile Include="CAnimator.cpp">
      <Filter>Engine\07. Component\Animator</Filter>
    </ClCompile>
    <ClCompile Include="CAnimation.cpp">
      <Filter>Engine\07. Component\Animator\Animation</Filter>
    </ClCompile>
  </ItemGroup>
  <ItemGroup>
    <ResourceCompile Include="Client.rc">
      <Filter>Default\리소스 파일</Filter>
    </ResourceCompile>
  </ItemGroup>
  <ItemGroup>
    <Image Include="small.ico">
      <Filter>Default\리소스 파일</Filter>
    </Image>
    <Image Include="Client.ico">
      <Filter>Default\리소스 파일</Filter>
    </Image>
  </ItemGroup>
</Project>